
Microsoft Visual Studio Solution File, Format Version 12.00
# Visual Studio Version 17
VisualStudioVersion = 17.2.32602.215
MinimumVisualStudioVersion = 10.0.40219.1
Project("{FAE04EC0-301F-11D3-BF4B-00C04F79EFBC}") = "S3-AWS", "S3-AWS.csproj", "{42F9626D-70A8-4FB1-897C-7D06D00DD724}"
EndProject
Project("{FAE04EC0-301F-11D3-BF4B-00C04F79EFBC}") = "S3", "..\S3\S3.csproj", "{0E22A0EE-DB87-4344-8301-C1FE20BFA1BC}"
EndProject
Global
	GlobalSection(SolutionConfigurationPlatforms) = preSolution
		Debug|Any CPU = Debug|Any CPU
		Release|Any CPU = Release|Any CPU
	EndGlobalSection
	GlobalSection(ProjectConfigurationPlatforms) = postSolution
		{42F9626D-70A8-4FB1-897C-7D06D00DD724}.Debug|Any CPU.ActiveCfg = Debug|Any CPU
		{42F9626D-70A8-4FB1-897C-7D06D00DD724}.Debug|Any CPU.Build.0 = Debug|Any CPU
		{42F9626D-70A8-4FB1-897C-7D06D00DD724}.Release|Any CPU.ActiveCfg = Release|Any CPU
		{42F9626D-70A8-4FB1-897C-7D06D00DD724}.Release|Any CPU.Build.0 = Release|Any CPU
		{0E22A0EE-DB87-4344-8301-C1FE20BFA1BC}.Debug|Any CPU.ActiveCfg = Debug|Any CPU
		{0E22A0EE-DB87-4344-8301-C1FE20BFA1BC}.Debug|Any CPU.Build.0 = Debug|Any CPU
		{0E22A0EE-DB87-4344-8301-C1FE20BFA1BC}.Release|Any CPU.ActiveCfg = Release|Any CPU
		{0E22A0EE-DB87-4344-8301-C1FE20BFA1BC}.Release|Any CPU.Build.0 = Release|Any CPU
	EndGlobalSection
	GlobalSection(SolutionProperties) = preSolution
		HideSolutionNode = FALSE
	EndGlobalSection
	GlobalSection(ExtensibilityGlobals) = postSolution
		SolutionGuid = {BBC7ED67-102E-42F6-BE0A-9351083717E4}
	EndGlobalSection
EndGlobal
